// !$*UTF8*$!
{
	archiveVersion = 1;
	classes = {
	};
	objectVersion = 50;
	objects = {

/* Begin PBXBuildFile section */
		2308CE8821EA88780079E4C2 /* AppDelegate.swift in Sources */ = {isa = PBXBuildFile; fileRef = 2308CE8721EA88780079E4C2 /* AppDelegate.swift */; };
		2308CE8A21EA88780079E4C2 /* ToDoListViewController.swift in Sources */ = {isa = PBXBuildFile; fileRef = 2308CE8921EA88780079E4C2 /* ToDoListViewController.swift */; };
		2308CE8D21EA88780079E4C2 /* Main.storyboard in Resources */ = {isa = PBXBuildFile; fileRef = 2308CE8B21EA88780079E4C2 /* Main.storyboard */; };
		2308CE8F21EA887B0079E4C2 /* Assets.xcassets in Resources */ = {isa = PBXBuildFile; fileRef = 2308CE8E21EA887B0079E4C2 /* Assets.xcassets */; };
		2308CE9221EA887B0079E4C2 /* LaunchScreen.storyboard in Resources */ = {isa = PBXBuildFile; fileRef = 2308CE9021EA887B0079E4C2 /* LaunchScreen.storyboard */; };
		2308CEA121ED2A830079E4C2 /* DataModel.xcdatamodeld in Sources */ = {isa = PBXBuildFile; fileRef = 2308CE9F21ED2A830079E4C2 /* DataModel.xcdatamodeld */; };
		2308CEC421ED63A10079E4C2 /* CatgegoryTableViewController.swift in Sources */ = {isa = PBXBuildFile; fileRef = 2308CEC321ED63A10079E4C2 /* CatgegoryTableViewController.swift */; };
		2352115221ED8DA8003E84B9 /* ToDoItem.swift in Sources */ = {isa = PBXBuildFile; fileRef = 2352115121ED8DA8003E84B9 /* ToDoItem.swift */; };
		2352115421ED8DBB003E84B9 /* Category.swift in Sources */ = {isa = PBXBuildFile; fileRef = 2352115321ED8DBB003E84B9 /* Category.swift */; };
		F382620EF8DA8B65E675D988 /* Pods_ToDoey.framework in Frameworks */ = {isa = PBXBuildFile; fileRef = 71E70211A7E7FACC7D2ECF59 /* Pods_ToDoey.framework */; };
/* End PBXBuildFile section */

/* Begin PBXFileReference section */
		2308CE8421EA88780079E4C2 /* ToDoey.app */ = {isa = PBXFileReference; explicitFileType = wrapper.application; includeInIndex = 0; path = ToDoey.app; sourceTree = BUILT_PRODUCTS_DIR; };
		2308CE8721EA88780079E4C2 /* AppDelegate.swift */ = {isa = PBXFileReference; lastKnownFileType = sourcecode.swift; path = AppDelegate.swift; sourceTree = "<group>"; };
		2308CE8921EA88780079E4C2 /* ToDoListViewController.swift */ = {isa = PBXFileReference; lastKnownFileType = sourcecode.swift; path = ToDoListViewController.swift; sourceTree = "<group>"; };
		2308CE8C21EA88780079E4C2 /* Base */ = {isa = PBXFileReference; lastKnownFileType = file.storyboard; name = Base; path = Base.lproj/Main.storyboard; sourceTree = "<group>"; };
		2308CE8E21EA887B0079E4C2 /* Assets.xcassets */ = {isa = PBXFileReference; lastKnownFileType = folder.assetcatalog; path = Assets.xcassets; sourceTree = "<group>"; };
		2308CE9121EA887B0079E4C2 /* Base */ = {isa = PBXFileReference; lastKnownFileType = file.storyboard; name = Base; path = Base.lproj/LaunchScreen.storyboard; sourceTree = "<group>"; };
		2308CE9321EA887B0079E4C2 /* Info.plist */ = {isa = PBXFileReference; lastKnownFileType = text.plist.xml; path = Info.plist; sourceTree = "<group>"; };
		2308CEA021ED2A830079E4C2 /* DataMdoel.xcdatamodel */ = {isa = PBXFileReference; lastKnownFileType = wrapper.xcdatamodel; path = DataMdoel.xcdatamodel; sourceTree = "<group>"; };
		2308CEC321ED63A10079E4C2 /* CatgegoryTableViewController.swift */ = {isa = PBXFileReference; lastKnownFileType = sourcecode.swift; path = CatgegoryTableViewController.swift; sourceTree = "<group>"; };
		2352115121ED8DA8003E84B9 /* ToDoItem.swift */ = {isa = PBXFileReference; lastKnownFileType = sourcecode.swift; path = ToDoItem.swift; sourceTree = "<group>"; };
		2352115321ED8DBB003E84B9 /* Category.swift */ = {isa = PBXFileReference; lastKnownFileType = sourcecode.swift; path = Category.swift; sourceTree = "<group>"; };
		71E70211A7E7FACC7D2ECF59 /* Pods_ToDoey.framework */ = {isa = PBXFileReference; explicitFileType = wrapper.framework; includeInIndex = 0; path = Pods_ToDoey.framework; sourceTree = BUILT_PRODUCTS_DIR; };
		8C7E5BD1D89439A9B415855B /* Pods-ToDoey.release.xcconfig */ = {isa = PBXFileReference; includeInIndex = 1; lastKnownFileType = text.xcconfig; name = "Pods-ToDoey.release.xcconfig"; path = "Pods/Target Support Files/Pods-ToDoey/Pods-ToDoey.release.xcconfig"; sourceTree = "<group>"; };
		B82A7EFEB11334DB50567153 /* Pods-ToDoey.debug.xcconfig */ = {isa = PBXFileReference; includeInIndex = 1; lastKnownFileType = text.xcconfig; name = "Pods-ToDoey.debug.xcconfig"; path = "Pods/Target Support Files/Pods-ToDoey/Pods-ToDoey.debug.xcconfig"; sourceTree = "<group>"; };
/* End PBXFileReference section */

/* Begin PBXFrameworksBuildPhase section */
		2308CE8121EA88780079E4C2 /* Frameworks */ = {
			isa = PBXFrameworksBuildPhase;
			buildActionMask = 2147483647;
			files = (
				F382620EF8DA8B65E675D988 /* Pods_ToDoey.framework in Frameworks */,
			);
			runOnlyForDeploymentPostprocessing = 0;
		};
/* End PBXFrameworksBuildPhase section */

/* Begin PBXGroup section */
		0A24E0E65B6F6CE235D8B4F2 /* Pods */ = {
			isa = PBXGroup;
			children = (
				B82A7EFEB11334DB50567153 /* Pods-ToDoey.debug.xcconfig */,
				8C7E5BD1D89439A9B415855B /* Pods-ToDoey.release.xcconfig */,
			);
			name = Pods;
			sourceTree = "<group>";
		};
		2308CE7B21EA88780079E4C2 = {
			isa = PBXGroup;
			children = (
				2308CE8621EA88780079E4C2 /* ToDoey */,
				2308CE8521EA88780079E4C2 /* Products */,
				0A24E0E65B6F6CE235D8B4F2 /* Pods */,
				2F5192B01525F11710923541 /* Frameworks */,
			);
			sourceTree = "<group>";
		};
		2308CE8521EA88780079E4C2 /* Products */ = {
			isa = PBXGroup;
			children = (
				2308CE8421EA88780079E4C2 /* ToDoey.app */,
			);
			name = Products;
			sourceTree = "<group>";
		};
		2308CE8621EA88780079E4C2 /* ToDoey */ = {
			isa = PBXGroup;
			children = (
				2308CE8721EA88780079E4C2 /* AppDelegate.swift */,
				2308CE9C21EB0E8E0079E4C2 /* Controllers */,
				2308CE9B21EB0E690079E4C2 /* Data Model */,
				2308CE9D21EB0E970079E4C2 /* View */,
				2308CE9E21EB0EBB0079E4C2 /* Supporting Files */,
				2308CE9321EA887B0079E4C2 /* Info.plist */,
			);
			path = ToDoey;
			sourceTree = "<group>";
		};
		2308CE9B21EB0E690079E4C2 /* Data Model */ = {
			isa = PBXGroup;
			children = (
				2308CE9F21ED2A830079E4C2 /* DataModel.xcdatamodeld */,
				2352115321ED8DBB003E84B9 /* Category.swift */,
				2352115121ED8DA8003E84B9 /* ToDoItem.swift */,
			);
			path = "Data Model";
			sourceTree = "<group>";
		};
		2308CE9C21EB0E8E0079E4C2 /* Controllers */ = {
			isa = PBXGroup;
			children = (
				2308CEC321ED63A10079E4C2 /* CatgegoryTableViewController.swift */,
				2308CE8921EA88780079E4C2 /* ToDoListViewController.swift */,
			);
			path = Controllers;
			sourceTree = "<group>";
		};
		2308CE9D21EB0E970079E4C2 /* View */ = {
			isa = PBXGroup;
			children = (
				2308CE8B21EA88780079E4C2 /* Main.storyboard */,
			);
			path = View;
			sourceTree = "<group>";
		};
		2308CE9E21EB0EBB0079E4C2 /* Supporting Files */ = {
			isa = PBXGroup;
			children = (
				2308CE8E21EA887B0079E4C2 /* Assets.xcassets */,
				2308CE9021EA887B0079E4C2 /* LaunchScreen.storyboard */,
			);
			path = "Supporting Files";
			sourceTree = "<group>";
		};
		2F5192B01525F11710923541 /* Frameworks */ = {
			isa = PBXGroup;
			children = (
				71E70211A7E7FACC7D2ECF59 /* Pods_ToDoey.framework */,
			);
			name = Frameworks;
			sourceTree = "<group>";
		};
/* End PBXGroup section */

/* Begin PBXNativeTarget section */
		2308CE8321EA88780079E4C2 /* ToDoey */ = {
			isa = PBXNativeTarget;
			buildConfigurationList = 2308CE9621EA887B0079E4C2 /* Build configuration list for PBXNativeTarget "ToDoey" */;
			buildPhases = (
				1F760BE3E418454498BF80C2 /* [CP] Check Pods Manifest.lock */,
				2308CE8021EA88780079E4C2 /* Sources */,
				2308CE8121EA88780079E4C2 /* Frameworks */,
				2308CE8221EA88780079E4C2 /* Resources */,
				7C366449468C7998B50A4FCA /* [CP] Embed Pods Frameworks */,
			);
			buildRules = (
			);
			dependencies = (
			);
			name = ToDoey;
			productName = ToDoey;
			productReference = 2308CE8421EA88780079E4C2 /* ToDoey.app */;
			productType = "com.apple.product-type.application";
		};
/* End PBXNativeTarget section */

/* Begin PBXProject section */
		2308CE7C21EA88780079E4C2 /* Project object */ = {
			isa = PBXProject;
			attributes = {
				LastSwiftUpdateCheck = 1010;
				LastUpgradeCheck = 1010;
				ORGANIZATIONNAME = "Matthew Alonso";
				TargetAttributes = {
					2308CE8321EA88780079E4C2 = {
						CreatedOnToolsVersion = 10.1;
					};
				};
			};
			buildConfigurationList = 2308CE7F21EA88780079E4C2 /* Build configuration list for PBXProject "ToDoey" */;
			compatibilityVersion = "Xcode 9.3";
			developmentRegion = en;
			hasScannedForEncodings = 0;
			knownRegions = (
				en,
				Base,
			);
			mainGroup = 2308CE7B21EA88780079E4C2;
			productRefGroup = 2308CE8521EA88780079E4C2 /* Products */;
			projectDirPath = "";
			projectRoot = "";
			targets = (
				2308CE8321EA88780079E4C2 /* ToDoey */,
			);
		};
/* End PBXProject section */

/* Begin PBXResourcesBuildPhase section */
		2308CE8221EA88780079E4C2 /* Resources */ = {
			isa = PBXResourcesBuildPhase;
			buildActionMask = 2147483647;
			files = (
				2308CE9221EA887B0079E4C2 /* LaunchScreen.storyboard in Resources */,
				2308CE8F21EA887B0079E4C2 /* Assets.xcassets in Resources */,
				2308CE8D21EA88780079E4C2 /* Main.storyboard in Resources */,
			);
			runOnlyForDeploymentPostprocessing = 0;
		};
/* End PBXResourcesBuildPhase section */

/* Begin PBXShellScriptBuildPhase section */
		1F760BE3E418454498BF80C2 /* [CP] Check Pods Manifest.lock */ = {
			isa = PBXShellScriptBuildPhase;
			buildActionMask = 2147483647;
			files = (
			);
			inputFileListPaths = (
			);
			inputPaths = (
				"${PODS_PODFILE_DIR_PATH}/Podfile.lock",
				"${PODS_ROOT}/Manifest.lock",
			);
			name = "[CP] Check Pods Manifest.lock";
			outputFileListPaths = (
			);
			outputPaths = (
				"$(DERIVED_FILE_DIR)/Pods-ToDoey-checkManifestLockResult.txt",
			);
			runOnlyForDeploymentPostprocessing = 0;
			shellPath = /bin/sh;
			shellScript = "diff \"${PODS_PODFILE_DIR_PATH}/Podfile.lock\" \"${PODS_ROOT}/Manifest.lock\" > /dev/null\nif [ $? != 0 ] ; then\n    # print error to STDERR\n    echo \"error: The sandbox is not in sync with the Podfile.lock. Run 'pod install' or update your CocoaPods installation.\" >&2\n    exit 1\nfi\n# This output is used by Xcode 'outputs' to avoid re-running this script phase.\necho \"SUCCESS\" > \"${SCRIPT_OUTPUT_FILE_0}\"\n";
			showEnvVarsInLog = 0;
		};
		7C366449468C7998B50A4FCA /* [CP] Embed Pods Frameworks */ = {
			isa = PBXShellScriptBuildPhase;
			buildActionMask = 2147483647;
			files = (
			);
			inputFileListPaths = (
			);
			inputPaths = (
				"${SRCROOT}/Pods/Target Support Files/Pods-ToDoey/Pods-ToDoey-frameworks.sh",
				"${BUILT_PRODUCTS_DIR}/Realm/Realm.framework",
				"${BUILT_PRODUCTS_DIR}/RealmSwift/RealmSwift.framework",
			);
			name = "[CP] Embed Pods Frameworks";
			outputFileListPaths = (
			);
			outputPaths = (
				"${TARGET_BUILD_DIR}/${FRAMEWORKS_FOLDER_PATH}/Realm.framework",
				"${TARGET_BUILD_DIR}/${FRAMEWORKS_FOLDER_PATH}/RealmSwift.framework",
			);
			runOnlyForDeploymentPostprocessing = 0;
			shellPath = /bin/sh;
			shellScript = "\"${SRCROOT}/Pods/Target Support Files/Pods-ToDoey/Pods-ToDoey-frameworks.sh\"\n";
			showEnvVarsInLog = 0;
		};
/* End PBXShellScriptBuildPhase section */

/* Begin PBXSourcesBuildPhase section */
		2308CE8021EA88780079E4C2 /* Sources */ = {
			isa = PBXSourcesBuildPhase;
			buildActionMask = 2147483647;
			files = (
				2308CE8A21EA88780079E4C2 /* ToDoListViewController.swift in Sources */,
				2308CEC421ED63A10079E4C2 /* CatgegoryTableViewController.swift in Sources */,
				2352115221ED8DA8003E84B9 /* ToDoItem.swift in Sources */,
				2308CEA121ED2A830079E4C2 /* DataModel.xcdatamodeld in Sources */,
				2308CE8821EA88780079E4C2 /* AppDelegate.swift in Sources */,
				2352115421ED8DBB003E84B9 /* Category.swift in Sources */,
			);
			runOnlyForDeploymentPostprocessing = 0;
		};
/* End PBXSourcesBuildPhase section */

/* Begin PBXVariantGroup section */
		2308CE8B21EA88780079E4C2 /* Main.storyboard */ = {
			isa = PBXVariantGroup;
			children = (
				2308CE8C21EA88780079E4C2 /* Base */,
			);
			name = Main.storyboard;
			sourceTree = "<group>";
		};
		2308CE9021EA887B0079E4C2 /* LaunchScreen.storyboard */ = {
			isa = PBXVariantGroup;
			children = (
				2308CE9121EA887B0079E4C2 /* Base */,
			);
			name = LaunchScreen.storyboard;
			sourceTree = "<group>";
		};
/* End PBXVariantGroup section */

/* Begin XCBuildConfiguration section */
		2308CE9421EA887B0079E4C2 /* Debug */ = {
			isa = XCBuildConfiguration;
			buildSettings = {
				ALWAYS_SEARCH_USER_PATHS = NO;
				CLANG_ANALYZER_NONNULL = YES;
				CLANG_ANALYZER_NUMBER_OBJECT_CONVERSION = YES_AGGRESSIVE;
				CLANG_CXX_LANGUAGE_STANDARD = "gnu++14";
				CLANG_CXX_LIBRARY = "libc++";
				CLANG_ENABLE_MODULES = YES;
				CLANG_ENABLE_OBJC_ARC = YES;
				CLANG_ENABLE_OBJC_WEAK = YES;
				CLANG_WARN_BLOCK_CAPTURE_AUTORELEASING = YES;
				CLANG_WARN_BOOL_CONVERSION = YES;
				CLANG_WARN_COMMA = YES;
				CLANG_WARN_CONSTANT_CONVERSION = YES;
				CLANG_WARN_DEPRECATED_OBJC_IMPLEMENTATIONS = YES;
				CLANG_WARN_DIRECT_OBJC_ISA_USAGE = YES_ERROR;
				CLANG_WARN_DOCUMENTATION_COMMENTS = YES;
				CLANG_WARN_EMPTY_BODY = YES;
				CLANG_WARN_ENUM_CONVERSION = YES;
				CLANG_WARN_INFINITE_RECURSION = YES;
				CLANG_WARN_INT_CONVERSION = YES;
				CLANG_WARN_NON_LITERAL_NULL_CONVERSION = YES;
				CLANG_WARN_OBJC_IMPLICIT_RETAIN_SELF = YES;
				CLANG_WARN_OBJC_LITERAL_CONVERSION = YES;
				CLANG_WARN_OBJC_ROOT_CLASS = YES_ERROR;
				CLANG_WARN_RANGE_LOOP_ANALYSIS = YES;
				CLANG_WARN_STRICT_PROTOTYPES = YES;
				CLANG_WARN_SUSPICIOUS_MOVE = YES;
				CLANG_WARN_UNGUARDED_AVAILABILITY = YES_AGGRESSIVE;
				CLANG_WARN_UNREACHABLE_CODE = YES;
				CLANG_WARN__DUPLICATE_METHOD_MATCH = YES;
				CODE_SIGN_IDENTITY = "iPhone Developer";
				COPY_PHASE_STRIP = NO;
				DEBUG_INFORMATION_FORMAT = dwarf;
				ENABLE_STRICT_OBJC_MSGSEND = YES;
				ENABLE_TESTABILITY = YES;
				GCC_C_LANGUAGE_STANDARD = gnu11;
				GCC_DYNAMIC_NO_PIC = NO;
				GCC_NO_COMMON_BLOCKS = YES;
				GCC_OPTIMIZATION_LEVEL = 0;
				GCC_PREPROCESSOR_DEFINITIONS = (
					"DEBUG=1",
					"$(inherited)",
				);
				GCC_WARN_64_TO_32_BIT_CONVERSION = YES;
				GCC_WARN_ABOUT_RETURN_TYPE = YES_ERROR;
				GCC_WARN_UNDECLARED_SELECTOR = YES;
				GCC_WARN_UNINITIALIZED_AUTOS = YES_AGGRESSIVE;
				GCC_WARN_UNUSED_FUNCTION = YES;
				GCC_WARN_UNUSED_VARIABLE = YES;
				IPHONEOS_DEPLOYMENT_TARGET = 12.1;
				MTL_ENABLE_DEBUG_INFO = INCLUDE_SOURCE;
				MTL_FAST_MATH = YES;
				ONLY_ACTIVE_ARCH = YES;
				SDKROOT = iphoneos;
				SWIFT_ACTIVE_COMPILATION_CONDITIONS = DEBUG;
				SWIFT_OPTIMIZATION_LEVEL = "-Onone";
			};
			name = Debug;
		};
		2308CE9521EA887B0079E4C2 /* Release */ = {
			isa = XCBuildConfiguration;
			buildSettings = {
				ALWAYS_SEARCH_USER_PATHS = NO;
				CLANG_ANALYZER_NONNULL = YES;
				CLANG_ANALYZER_NUMBER_OBJECT_CONVERSION = YES_AGGRESSIVE;
				CLANG_CXX_LANGUAGE_STANDARD = "gnu++14";
				CLANG_CXX_LIBRARY = "libc++";
				CLANG_ENABLE_MODULES = YES;
				CLANG_ENABLE_OBJC_ARC = YES;
				CLANG_ENABLE_OBJC_WEAK = YES;
				CLANG_WARN_BLOCK_CAPTURE_AUTORELEASING = YES;
				CLANG_WARN_BOOL_CONVERSION = YES;
				CLANG_WARN_COMMA = YES;
				CLANG_WARN_CONSTANT_CONVERSION = YES;
				CLANG_WARN_DEPRECATED_OBJC_IMPLEMENTATIONS = YES;
				CLANG_WARN_DIRECT_OBJC_ISA_USAGE = YES_ERROR;
				CLANG_WARN_DOCUMENTATION_COMMENTS = YES;
				CLANG_WARN_EMPTY_BODY = YES;
				CLANG_WARN_ENUM_CONVERSION = YES;
				CLANG_WARN_INFINITE_RECURSION = YES;
				CLANG_WARN_INT_CONVERSION = YES;
				CLANG_WARN_NON_LITERAL_NULL_CONVERSION = YES;
				CLANG_WARN_OBJC_IMPLICIT_RETAIN_SELF = YES;
				CLANG_WARN_OBJC_LITERAL_CONVERSION = YES;
				CLANG_WARN_OBJC_ROOT_CLASS = YES_ERROR;
				CLANG_WARN_RANGE_LOOP_ANALYSIS = YES;
				CLANG_WARN_STRICT_PROTOTYPES = YES;
				CLANG_WARN_SUSPICIOUS_MOVE = YES;
				CLANG_WARN_UNGUARDED_AVAILABILITY = YES_AGGRESSIVE;
				CLANG_WARN_UNREACHABLE_CODE = YES;
				CLANG_WARN__DUPLICATE_METHOD_MATCH = YES;
				CODE_SIGN_IDENTITY = "iPhone Developer";
				COPY_PHASE_STRIP = NO;
				DEBUG_INFORMATION_FORMAT = "dwarf-with-dsym";
				ENABLE_NS_ASSERTIONS = NO;
				ENABLE_STRICT_OBJC_MSGSEND = YES;
				GCC_C_LANGUAGE_STANDARD = gnu11;
				GCC_NO_COMMON_BLOCKS = YES;
				GCC_WARN_64_TO_32_BIT_CONVERSION = YES;
				GCC_WARN_ABOUT_RETURN_TYPE = YES_ERROR;
				GCC_WARN_UNDECLARED_SELECTOR = YES;
				GCC_WARN_UNINITIALIZED_AUTOS = YES_AGGRESSIVE;
				GCC_WARN_UNUSED_FUNCTION = YES;
				GCC_WARN_UNUSED_VARIABLE = YES;
				IPHONEOS_DEPLOYMENT_TARGET = 12.1;
				MTL_ENABLE_DEBUG_INFO = NO;
				MTL_FAST_MATH = YES;
				SDKROOT = iphoneos;
				SWIFT_COMPILATION_MODE = wholemodule;
				SWIFT_OPTIMIZATION_LEVEL = "-O";
				VALIDATE_PRODUCT = YES;
			};
			name = Release;
		};
		2308CE9721EA887B0079E4C2 /* Debug */ = {
			isa = XCBuildConfiguration;
			baseConfigurationReference = B82A7EFEB11334DB50567153 /* Pods-ToDoey.debug.xcconfig */;
			buildSettings = {
				ASSETCATALOG_COMPILER_APPICON_NAME = AppIcon;
				CODE_SIGN_STYLE = Automatic;
				DEVELOPMENT_TEAM = 4L2LA998T3;
				INFOPLIST_FILE = ToDoey/Info.plist;
				LD_RUNPATH_SEARCH_PATHS = (
					"$(inherited)",
					"@executable_path/Frameworks",
				);
				PRODUCT_BUNDLE_IDENTIFIER = com.matthewalonso.ToDoey;
				PRODUCT_NAME = "$(TARGET_NAME)";
				SWIFT_VERSION = 4.2;
				TARGETED_DEVICE_FAMILY = "1,2";
			};
			name = Debug;
		};
		2308CE9821EA887B0079E4C2 /* Release */ = {
			isa = XCBuildConfiguration;
			baseConfigurationReference = 8C7E5BD1D89439A9B415855B /* Pods-ToDoey.release.xcconfig */;
			buildSettings = {
				ASSETCATALOG_COMPILER_APPICON_NAME = AppIcon;
				CODE_SIGN_STYLE = Automatic;
				DEVELOPMENT_TEAM = 4L2LA998T3;
				INFOPLIST_FILE = ToDoey/Info.plist;
				LD_RUNPATH_SEARCH_PATHS = (
					"$(inherited)",
					"@executable_path/Frameworks",
				);
				PRODUCT_BUNDLE_IDENTIFIER = com.matthewalonso.ToDoey;
				PRODUCT_NAME = "$(TARGET_NAME)";
				SWIFT_VERSION = 4.2;
				TARGETED_DEVICE_FAMILY = "1,2";
			};
			name = Release;
		};
/* End XCBuildConfiguration section */

/* Begin XCConfigurationList section */
		2308CE7F21EA88780079E4C2 /* Build configuration list for PBXProject "ToDoey" */ = {
			isa = XCConfigurationList;
			buildConfigurations = (
				2308CE9421EA887B0079E4C2 /* Debug */,
				2308CE9521EA887B0079E4C2 /* Release */,
			);
			defaultConfigurationIsVisible = 0;
			defaultConfigurationName = Release;
		};
		2308CE9621EA887B0079E4C2 /* Build configuration list for PBXNativeTarget "ToDoey" */ = {
			isa = XCConfigurationList;
			buildConfigurations = (
				2308CE9721EA887B0079E4C2 /* Debug */,
				2308CE9821EA887B0079E4C2 /* Release */,
			);
			defaultConfigurationIsVisible = 0;
			defaultConfigurationName = Release;
		};
/* End XCConfigurationList section */

/* Begin XCVersionGroup section */
		2308CE9F21ED2A830079E4C2 /* DataModel.xcdatamodeld */ = {
			isa = XCVersionGroup;
			children = (
				2308CEA021ED2A830079E4C2 /* DataMdoel.xcdatamodel */,
			);
			currentVersion = 2308CEA021ED2A830079E4C2 /* DataMdoel.xcdatamodel */;
			path = DataModel.xcdatamodeld;
			sourceTree = "<group>";
			versionGroupType = wrapper.xcdatamodel;
		};
/* End XCVersionGroup section */
	};
	rootObject = 2308CE7C21EA88780079E4C2 /* Project object */;
}
